// !$*UTF8*$!
{
	archiveVersion = 1;
	classes = {
	};
	objectVersion = 46;
	objects = {

/* Begin PBXBuildFile section */
		180044921CB16AF70038206F /* MythRomanMasc.plist in Resources */ = {isa = PBXBuildFile; fileRef = 180044911CB16AF70038206F /* MythRomanMasc.plist */; };
		180044941CB16C920038206F /* MythRomanFem.plist in Resources */ = {isa = PBXBuildFile; fileRef = 180044931CB16C920038206F /* MythRomanFem.plist */; };
		180044961CB16CBA0038206F /* MythRomanMascImages.xcassets in Resources */ = {isa = PBXBuildFile; fileRef = 180044951CB16CBA0038206F /* MythRomanMascImages.xcassets */; };
		180044981CB16CD60038206F /* MythRomanFemImages.xcassets in Resources */ = {isa = PBXBuildFile; fileRef = 180044971CB16CD60038206F /* MythRomanFemImages.xcassets */; };
		18100DAD1CB248C400508F1D /* Model.xcdatamodeld in Sources */ = {isa = PBXBuildFile; fileRef = 18100DAB1CB248C400508F1D /* Model.xcdatamodeld */; };
		1810F9721CA7DD7A00D7D00A /* ANNameCategory.m in Sources */ = {isa = PBXBuildFile; fileRef = 1810F9711CA7DD7A00D7D00A /* ANNameCategory.m */; };
		1810F9751CA816F500D7D00A /* MythGreekFem.plist in Resources */ = {isa = PBXBuildFile; fileRef = 1810F9741CA816F500D7D00A /* MythGreekFem.plist */; };
		182546401CA55A44006293A6 /* ANName.m in Sources */ = {isa = PBXBuildFile; fileRef = 1825463F1CA55A44006293A6 /* ANName.m */; };
		182546471CA5659F006293A6 /* ANCategoryVC.m in Sources */ = {isa = PBXBuildFile; fileRef = 182546461CA5659F006293A6 /* ANCategoryVC.m */; };
		1825464A1CA57701006293A6 /* ANNamesFactory.m in Sources */ = {isa = PBXBuildFile; fileRef = 182546491CA57701006293A6 /* ANNamesFactory.m */; };
		18267E261CB1323A00AB130B /* MythVedicFem.plist in Resources */ = {isa = PBXBuildFile; fileRef = 18267E251CB1323A00AB130B /* MythVedicFem.plist */; };
		18267E281CB132B800AB130B /* MythVedicFemImages.xcassets in Resources */ = {isa = PBXBuildFile; fileRef = 18267E271CB132B800AB130B /* MythVedicFemImages.xcassets */; };
		18267E2B1CB1367C00AB130B /* MythVedicMasc.plist in Resources */ = {isa = PBXBuildFile; fileRef = 18267E2A1CB1367C00AB130B /* MythVedicMasc.plist */; };
		18267E2D1CB136C400AB130B /* MythVedicMascImages.xcassets in Resources */ = {isa = PBXBuildFile; fileRef = 18267E2C1CB136C400AB130B /* MythVedicMascImages.xcassets */; };
		18349C241CA9413300A2A68E /* MythGreekMasc.plist in Resources */ = {isa = PBXBuildFile; fileRef = 18349C231CA9413300A2A68E /* MythGreekMasc.plist */; };
		186D62211CBC25C60094E885 /* Backgrounds.xcassets in Resources */ = {isa = PBXBuildFile; fileRef = 186D62201CBC25C60094E885 /* Backgrounds.xcassets */; };
		1893C0211C94A6A100D17DA5 /* ANViewController.m in Sources */ = {isa = PBXBuildFile; fileRef = 1893C0201C94A6A100D17DA5 /* ANViewController.m */; };
		1893C0241C94A92700D17DA5 /* ANUtils.m in Sources */ = {isa = PBXBuildFile; fileRef = 1893C0231C94A92700D17DA5 /* ANUtils.m */; };
		189C8EA41CA717C3002414AE /* ANCategoryCell.m in Sources */ = {isa = PBXBuildFile; fileRef = 189C8EA31CA717C3002414AE /* ANCategoryCell.m */; };
		18B35E0D1CB4408E00CDABF9 /* ANFavoriteName+CoreDataProperties.m in Sources */ = {isa = PBXBuildFile; fileRef = 18B35E0A1CB4408E00CDABF9 /* ANFavoriteName+CoreDataProperties.m */; };
		18B35E0E1CB4408E00CDABF9 /* ANFavoriteName.m in Sources */ = {isa = PBXBuildFile; fileRef = 18B35E0C1CB4408E00CDABF9 /* ANFavoriteName.m */; };
		18B35E111CB4475400CDABF9 /* ANWebViewVC.m in Sources */ = {isa = PBXBuildFile; fileRef = 18B35E101CB4475400CDABF9 /* ANWebViewVC.m */; };
		18E22BDC1CA6BF44007EDD8F /* ANDescriptioinVC.m in Sources */ = {isa = PBXBuildFile; fileRef = 18E22BDB1CA6BF44007EDD8F /* ANDescriptioinVC.m */; };
		18F1ADEB1CB8159C007D00C4 /* MythGreekMascImages.xcassets in Resources */ = {isa = PBXBuildFile; fileRef = 18F1ADEA1CB8159C007D00C4 /* MythGreekMascImages.xcassets */; };
		18F1B9761C8F43C1001A3B25 /* main.m in Sources */ = {isa = PBXBuildFile; fileRef = 18F1B9751C8F43C1001A3B25 /* main.m */; };
		18F1B9791C8F43C1001A3B25 /* AppDelegate.m in Sources */ = {isa = PBXBuildFile; fileRef = 18F1B9781C8F43C1001A3B25 /* AppDelegate.m */; };
		18F1B97F1C8F43C1001A3B25 /* Main.storyboard in Resources */ = {isa = PBXBuildFile; fileRef = 18F1B97D1C8F43C1001A3B25 /* Main.storyboard */; };
		18F1B9811C8F43C1001A3B25 /* Assets.xcassets in Resources */ = {isa = PBXBuildFile; fileRef = 18F1B9801C8F43C1001A3B25 /* Assets.xcassets */; };
		18F1B9841C8F43C1001A3B25 /* LaunchScreen.storyboard in Resources */ = {isa = PBXBuildFile; fileRef = 18F1B9821C8F43C1001A3B25 /* LaunchScreen.storyboard */; };
		18F1B98F1C8F43C1001A3B25 /* Nickname_generatorTests.m in Sources */ = {isa = PBXBuildFile; fileRef = 18F1B98E1C8F43C1001A3B25 /* Nickname_generatorTests.m */; };
		18F1B99A1C8F43C1001A3B25 /* Nickname_generatorUITests.m in Sources */ = {isa = PBXBuildFile; fileRef = 18F1B9991C8F43C1001A3B25 /* Nickname_generatorUITests.m */; };
		18FE1A711CAFCA0A004B5101 /* MythGreekFemImages.xcassets in Resources */ = {isa = PBXBuildFile; fileRef = 18FE1A701CAFCA0A004B5101 /* MythGreekFemImages.xcassets */; };
		18FECE411CB252520003CED4 /* ANDataManager.m in Sources */ = {isa = PBXBuildFile; fileRef = 18FECE401CB252520003CED4 /* ANDataManager.m */; };
		18FECE441CB256700003CED4 /* ANCoreDataVC.m in Sources */ = {isa = PBXBuildFile; fileRef = 18FECE431CB256700003CED4 /* ANCoreDataVC.m */; };
		18FECE481CB259850003CED4 /* ANFavoriteNamesVC.m in Sources */ = {isa = PBXBuildFile; fileRef = 18FECE471CB259850003CED4 /* ANFavoriteNamesVC.m */; };
/* End PBXBuildFile section */

/* Begin PBXContainerItemProxy section */
		18F1B98B1C8F43C1001A3B25 /* PBXContainerItemProxy */ = {
			isa = PBXContainerItemProxy;
			containerPortal = 18F1B9691C8F43C1001A3B25 /* Project object */;
			proxyType = 1;
			remoteGlobalIDString = 18F1B9701C8F43C1001A3B25;
			remoteInfo = "Nickname generator";
		};
		18F1B9961C8F43C1001A3B25 /* PBXContainerItemProxy */ = {
			isa = PBXContainerItemProxy;
			containerPortal = 18F1B9691C8F43C1001A3B25 /* Project object */;
			proxyType = 1;
			remoteGlobalIDString = 18F1B9701C8F43C1001A3B25;
			remoteInfo = "Nickname generator";
		};
/* End PBXContainerItemProxy section */

/* Begin PBXFileReference section */
		180044911CB16AF70038206F /* MythRomanMasc.plist */ = {isa = PBXFileReference; fileEncoding = 4; lastKnownFileType = text.plist.xml; path = MythRomanMasc.plist; sourceTree = "<group>"; };
		180044931CB16C920038206F /* MythRomanFem.plist */ = {isa = PBXFileReference; fileEncoding = 4; lastKnownFileType = text.plist.xml; path = MythRomanFem.plist; sourceTree = "<group>"; };
		180044951CB16CBA0038206F /* MythRomanMascImages.xcassets */ = {isa = PBXFileReference; lastKnownFileType = folder.assetcatalog; path = MythRomanMascImages.xcassets; sourceTree = "<group>"; };
		180044971CB16CD60038206F /* MythRomanFemImages.xcassets */ = {isa = PBXFileReference; lastKnownFileType = folder.assetcatalog; path = MythRomanFemImages.xcassets; sourceTree = "<group>"; };
		18100DAC1CB248C400508F1D /* Model.xcdatamodel */ = {isa = PBXFileReference; lastKnownFileType = wrapper.xcdatamodel; path = Model.xcdatamodel; sourceTree = "<group>"; };
		1810F9701CA7DD7A00D7D00A /* ANNameCategory.h */ = {isa = PBXFileReference; fileEncoding = 4; lastKnownFileType = sourcecode.c.h; path = ANNameCategory.h; sourceTree = "<group>"; };
		1810F9711CA7DD7A00D7D00A /* ANNameCategory.m */ = {isa = PBXFileReference; fileEncoding = 4; lastKnownFileType = sourcecode.c.objc; path = ANNameCategory.m; sourceTree = "<group>"; };
		1810F9741CA816F500D7D00A /* MythGreekFem.plist */ = {isa = PBXFileReference; fileEncoding = 4; lastKnownFileType = text.plist.xml; path = MythGreekFem.plist; sourceTree = "<group>"; };
		1825463E1CA55A44006293A6 /* ANName.h */ = {isa = PBXFileReference; fileEncoding = 4; lastKnownFileType = sourcecode.c.h; path = ANName.h; sourceTree = "<group>"; };
		1825463F1CA55A44006293A6 /* ANName.m */ = {isa = PBXFileReference; fileEncoding = 4; lastKnownFileType = sourcecode.c.objc; path = ANName.m; sourceTree = "<group>"; };
		182546451CA5659F006293A6 /* ANCategoryVC.h */ = {isa = PBXFileReference; fileEncoding = 4; lastKnownFileType = sourcecode.c.h; path = ANCategoryVC.h; sourceTree = "<group>"; };
		182546461CA5659F006293A6 /* ANCategoryVC.m */ = {isa = PBXFileReference; fileEncoding = 4; lastKnownFileType = sourcecode.c.objc; path = ANCategoryVC.m; sourceTree = "<group>"; };
		182546481CA57701006293A6 /* ANNamesFactory.h */ = {isa = PBXFileReference; fileEncoding = 4; lastKnownFileType = sourcecode.c.h; path = ANNamesFactory.h; sourceTree = "<group>"; };
		182546491CA57701006293A6 /* ANNamesFactory.m */ = {isa = PBXFileReference; fileEncoding = 4; lastKnownFileType = sourcecode.c.objc; path = ANNamesFactory.m; sourceTree = "<group>"; };
		18267E251CB1323A00AB130B /* MythVedicFem.plist */ = {isa = PBXFileReference; fileEncoding = 4; lastKnownFileType = text.plist.xml; path = MythVedicFem.plist; sourceTree = "<group>"; };
		18267E271CB132B800AB130B /* MythVedicFemImages.xcassets */ = {isa = PBXFileReference; lastKnownFileType = folder.assetcatalog; path = MythVedicFemImages.xcassets; sourceTree = "<group>"; };
		18267E2A1CB1367C00AB130B /* MythVedicMasc.plist */ = {isa = PBXFileReference; fileEncoding = 4; lastKnownFileType = text.plist.xml; path = MythVedicMasc.plist; sourceTree = "<group>"; };
		18267E2C1CB136C400AB130B /* MythVedicMascImages.xcassets */ = {isa = PBXFileReference; lastKnownFileType = folder.assetcatalog; path = MythVedicMascImages.xcassets; sourceTree = "<group>"; };
		18349C231CA9413300A2A68E /* MythGreekMasc.plist */ = {isa = PBXFileReference; fileEncoding = 4; lastKnownFileType = text.plist.xml; path = MythGreekMasc.plist; sourceTree = "<group>"; };
		186D62201CBC25C60094E885 /* Backgrounds.xcassets */ = {isa = PBXFileReference; lastKnownFileType = folder.assetcatalog; path = Backgrounds.xcassets; sourceTree = "<group>"; };
		1893C01F1C94A6A100D17DA5 /* ANViewController.h */ = {isa = PBXFileReference; fileEncoding = 4; lastKnownFileType = sourcecode.c.h; path = ANViewController.h; sourceTree = "<group>"; };
		1893C0201C94A6A100D17DA5 /* ANViewController.m */ = {isa = PBXFileReference; fileEncoding = 4; lastKnownFileType = sourcecode.c.objc; path = ANViewController.m; sourceTree = "<group>"; };
		1893C0221C94A92700D17DA5 /* ANUtils.h */ = {isa = PBXFileReference; fileEncoding = 4; lastKnownFileType = sourcecode.c.h; path = ANUtils.h; sourceTree = "<group>"; };
		1893C0231C94A92700D17DA5 /* ANUtils.m */ = {isa = PBXFileReference; fileEncoding = 4; lastKnownFileType = sourcecode.c.objc; path = ANUtils.m; sourceTree = "<group>"; };
		189C8EA21CA717C3002414AE /* ANCategoryCell.h */ = {isa = PBXFileReference; fileEncoding = 4; lastKnownFileType = sourcecode.c.h; path = ANCategoryCell.h; sourceTree = "<group>"; };
		189C8EA31CA717C3002414AE /* ANCategoryCell.m */ = {isa = PBXFileReference; fileEncoding = 4; lastKnownFileType = sourcecode.c.objc; path = ANCategoryCell.m; sourceTree = "<group>"; };
		18B35E091CB4408E00CDABF9 /* ANFavoriteName+CoreDataProperties.h */ = {isa = PBXFileReference; fileEncoding = 4; lastKnownFileType = sourcecode.c.h; name = "ANFavoriteName+CoreDataProperties.h"; path = "../ANFavoriteName+CoreDataProperties.h"; sourceTree = "<group>"; };
		18B35E0A1CB4408E00CDABF9 /* ANFavoriteName+CoreDataProperties.m */ = {isa = PBXFileReference; fileEncoding = 4; lastKnownFileType = sourcecode.c.objc; name = "ANFavoriteName+CoreDataProperties.m"; path = "../ANFavoriteName+CoreDataProperties.m"; sourceTree = "<group>"; };
		18B35E0B1CB4408E00CDABF9 /* ANFavoriteName.h */ = {isa = PBXFileReference; fileEncoding = 4; lastKnownFileType = sourcecode.c.h; name = ANFavoriteName.h; path = ../ANFavoriteName.h; sourceTree = "<group>"; };
		18B35E0C1CB4408E00CDABF9 /* ANFavoriteName.m */ = {isa = PBXFileReference; fileEncoding = 4; lastKnownFileType = sourcecode.c.objc; name = ANFavoriteName.m; path = ../ANFavoriteName.m; sourceTree = "<group>"; };
		18B35E0F1CB4475400CDABF9 /* ANWebViewVC.h */ = {isa = PBXFileReference; fileEncoding = 4; lastKnownFileType = sourcecode.c.h; path = ANWebViewVC.h; sourceTree = "<group>"; };
		18B35E101CB4475400CDABF9 /* ANWebViewVC.m */ = {isa = PBXFileReference; fileEncoding = 4; lastKnownFileType = sourcecode.c.objc; path = ANWebViewVC.m; sourceTree = "<group>"; };
		18E22BDA1CA6BF44007EDD8F /* ANDescriptioinVC.h */ = {isa = PBXFileReference; fileEncoding = 4; lastKnownFileType = sourcecode.c.h; path = ANDescriptioinVC.h; sourceTree = "<group>"; };
		18E22BDB1CA6BF44007EDD8F /* ANDescriptioinVC.m */ = {isa = PBXFileReference; fileEncoding = 4; lastKnownFileType = sourcecode.c.objc; path = ANDescriptioinVC.m; sourceTree = "<group>"; };
		18F1ADEA1CB8159C007D00C4 /* MythGreekMascImages.xcassets */ = {isa = PBXFileReference; lastKnownFileType = folder.assetcatalog; path = MythGreekMascImages.xcassets; sourceTree = "<group>"; };
		18F1B9711C8F43C1001A3B25 /* Nickname generator.app */ = {isa = PBXFileReference; explicitFileType = wrapper.application; includeInIndex = 0; path = "Nickname generator.app"; sourceTree = BUILT_PRODUCTS_DIR; };
		18F1B9751C8F43C1001A3B25 /* main.m */ = {isa = PBXFileReference; lastKnownFileType = sourcecode.c.objc; path = main.m; sourceTree = "<group>"; };
		18F1B9771C8F43C1001A3B25 /* AppDelegate.h */ = {isa = PBXFileReference; lastKnownFileType = sourcecode.c.h; path = AppDelegate.h; sourceTree = "<group>"; };
		18F1B9781C8F43C1001A3B25 /* AppDelegate.m */ = {isa = PBXFileReference; lastKnownFileType = sourcecode.c.objc; path = AppDelegate.m; sourceTree = "<group>"; };
		18F1B97E1C8F43C1001A3B25 /* Base */ = {isa = PBXFileReference; lastKnownFileType = file.storyboard; name = Base; path = Base.lproj/Main.storyboard; sourceTree = "<group>"; };
		18F1B9801C8F43C1001A3B25 /* Assets.xcassets */ = {isa = PBXFileReference; lastKnownFileType = folder.assetcatalog; path = Assets.xcassets; sourceTree = "<group>"; };
		18F1B9831C8F43C1001A3B25 /* Base */ = {isa = PBXFileReference; lastKnownFileType = file.storyboard; name = Base; path = Base.lproj/LaunchScreen.storyboard; sourceTree = "<group>"; };
		18F1B9851C8F43C1001A3B25 /* Info.plist */ = {isa = PBXFileReference; lastKnownFileType = text.plist.xml; path = Info.plist; sourceTree = "<group>"; };
		18F1B98A1C8F43C1001A3B25 /* Nickname generatorTests.xctest */ = {isa = PBXFileReference; explicitFileType = wrapper.cfbundle; includeInIndex = 0; path = "Nickname generatorTests.xctest"; sourceTree = BUILT_PRODUCTS_DIR; };
		18F1B98E1C8F43C1001A3B25 /* Nickname_generatorTests.m */ = {isa = PBXFileReference; lastKnownFileType = sourcecode.c.objc; path = Nickname_generatorTests.m; sourceTree = "<group>"; };
		18F1B9901C8F43C1001A3B25 /* Info.plist */ = {isa = PBXFileReference; lastKnownFileType = text.plist.xml; path = Info.plist; sourceTree = "<group>"; };
		18F1B9951C8F43C1001A3B25 /* Nickname generatorUITests.xctest */ = {isa = PBXFileReference; explicitFileType = wrapper.cfbundle; includeInIndex = 0; path = "Nickname generatorUITests.xctest"; sourceTree = BUILT_PRODUCTS_DIR; };
		18F1B9991C8F43C1001A3B25 /* Nickname_generatorUITests.m */ = {isa = PBXFileReference; lastKnownFileType = sourcecode.c.objc; path = Nickname_generatorUITests.m; sourceTree = "<group>"; };
		18F1B99B1C8F43C1001A3B25 /* Info.plist */ = {isa = PBXFileReference; lastKnownFileType = text.plist.xml; path = Info.plist; sourceTree = "<group>"; };
		18FE1A701CAFCA0A004B5101 /* MythGreekFemImages.xcassets */ = {isa = PBXFileReference; lastKnownFileType = folder.assetcatalog; path = MythGreekFemImages.xcassets; sourceTree = "<group>"; };
		18FECE3F1CB252520003CED4 /* ANDataManager.h */ = {isa = PBXFileReference; fileEncoding = 4; lastKnownFileType = sourcecode.c.h; path = ANDataManager.h; sourceTree = "<group>"; };
		18FECE401CB252520003CED4 /* ANDataManager.m */ = {isa = PBXFileReference; fileEncoding = 4; lastKnownFileType = sourcecode.c.objc; path = ANDataManager.m; sourceTree = "<group>"; };
		18FECE421CB256700003CED4 /* ANCoreDataVC.h */ = {isa = PBXFileReference; fileEncoding = 4; lastKnownFileType = sourcecode.c.h; path = ANCoreDataVC.h; sourceTree = "<group>"; };
		18FECE431CB256700003CED4 /* ANCoreDataVC.m */ = {isa = PBXFileReference; fileEncoding = 4; lastKnownFileType = sourcecode.c.objc; path = ANCoreDataVC.m; sourceTree = "<group>"; };
		18FECE461CB259850003CED4 /* ANFavoriteNamesVC.h */ = {isa = PBXFileReference; fileEncoding = 4; lastKnownFileType = sourcecode.c.h; path = ANFavoriteNamesVC.h; sourceTree = "<group>"; };
		18FECE471CB259850003CED4 /* ANFavoriteNamesVC.m */ = {isa = PBXFileReference; fileEncoding = 4; lastKnownFileType = sourcecode.c.objc; path = ANFavoriteNamesVC.m; sourceTree = "<group>"; };
/* End PBXFileReference section */

/* Begin PBXFrameworksBuildPhase section */
		18F1B96E1C8F43C1001A3B25 /* Frameworks */ = {
			isa = PBXFrameworksBuildPhase;
			buildActionMask = 2147483647;
			files = (
			);
			runOnlyForDeploymentPostprocessing = 0;
		};
		18F1B9871C8F43C1001A3B25 /* Frameworks */ = {
			isa = PBXFrameworksBuildPhase;
			buildActionMask = 2147483647;
			files = (
			);
			runOnlyForDeploymentPostprocessing = 0;
		};
		18F1B9921C8F43C1001A3B25 /* Frameworks */ = {
			isa = PBXFrameworksBuildPhase;
			buildActionMask = 2147483647;
			files = (
			);
			runOnlyForDeploymentPostprocessing = 0;
		};
/* End PBXFrameworksBuildPhase section */

/* Begin PBXGroup section */
		18100DA71CB23EAF00508F1D /* Assets */ = {
			isa = PBXGroup;
			children = (
				186D62201CBC25C60094E885 /* Backgrounds.xcassets */,
				18FE1A701CAFCA0A004B5101 /* MythGreekFemImages.xcassets */,
				18F1ADEA1CB8159C007D00C4 /* MythGreekMascImages.xcassets */,
				180044971CB16CD60038206F /* MythRomanFemImages.xcassets */,
				180044951CB16CBA0038206F /* MythRomanMascImages.xcassets */,
				18267E2C1CB136C400AB130B /* MythVedicMascImages.xcassets */,
				18267E271CB132B800AB130B /* MythVedicFemImages.xcassets */,
				18F1B9801C8F43C1001A3B25 /* Assets.xcassets */,
			);
			name = Assets;
			sourceTree = "<group>";
		};
		18100DBA1CB249E800508F1D /* CoreData */ = {
			isa = PBXGroup;
			children = (
				18B35E091CB4408E00CDABF9 /* ANFavoriteName+CoreDataProperties.h */,
				18B35E0A1CB4408E00CDABF9 /* ANFavoriteName+CoreDataProperties.m */,
				18B35E0B1CB4408E00CDABF9 /* ANFavoriteName.h */,
				18B35E0C1CB4408E00CDABF9 /* ANFavoriteName.m */,
				18100DAB1CB248C400508F1D /* Model.xcdatamodeld */,
				18FECE3F1CB252520003CED4 /* ANDataManager.h */,
				18FECE401CB252520003CED4 /* ANDataManager.m */,
			);
			name = CoreData;
			sourceTree = "<group>";
		};
		182546391CA5596C006293A6 /* Models */ = {
			isa = PBXGroup;
			children = (
				18267E291CB132E600AB130B /* Names Plists */,
				1810F9701CA7DD7A00D7D00A /* ANNameCategory.h */,
				1810F9711CA7DD7A00D7D00A /* ANNameCategory.m */,
				1825463E1CA55A44006293A6 /* ANName.h */,
				1825463F1CA55A44006293A6 /* ANName.m */,
				182546481CA57701006293A6 /* ANNamesFactory.h */,
				182546491CA57701006293A6 /* ANNamesFactory.m */,
			);
			name = Models;
			sourceTree = "<group>";
		};
		1825463A1CA55977006293A6 /* Utils */ = {
			isa = PBXGroup;
			children = (
				1893C0221C94A92700D17DA5 /* ANUtils.h */,
				1893C0231C94A92700D17DA5 /* ANUtils.m */,
			);
			name = Utils;
			sourceTree = "<group>";
		};
		182546411CA56483006293A6 /* Controllers */ = {
			isa = PBXGroup;
			children = (
				18FECE451CB258090003CED4 /* Abstract ViewControllers */,
				18FECE461CB259850003CED4 /* ANFavoriteNamesVC.h */,
				18FECE471CB259850003CED4 /* ANFavoriteNamesVC.m */,
				18E22BDA1CA6BF44007EDD8F /* ANDescriptioinVC.h */,
				18E22BDB1CA6BF44007EDD8F /* ANDescriptioinVC.m */,
				182546451CA5659F006293A6 /* ANCategoryVC.h */,
				182546461CA5659F006293A6 /* ANCategoryVC.m */,
				18B35E0F1CB4475400CDABF9 /* ANWebViewVC.h */,
				18B35E101CB4475400CDABF9 /* ANWebViewVC.m */,
				1893C01F1C94A6A100D17DA5 /* ANViewController.h */,
				1893C0201C94A6A100D17DA5 /* ANViewController.m */,
				189C8EA51CA717CA002414AE /* Cells */,
			);
			name = Controllers;
			sourceTree = "<group>";
		};
		18267E291CB132E600AB130B /* Names Plists */ = {
			isa = PBXGroup;
			children = (
				1810F9741CA816F500D7D00A /* MythGreekFem.plist */,
				180044931CB16C920038206F /* MythRomanFem.plist */,
				180044911CB16AF70038206F /* MythRomanMasc.plist */,
				18349C231CA9413300A2A68E /* MythGreekMasc.plist */,
				18267E251CB1323A00AB130B /* MythVedicFem.plist */,
				18267E2A1CB1367C00AB130B /* MythVedicMasc.plist */,
			);
			name = "Names Plists";
			sourceTree = "<group>";
		};
		189C8EA51CA717CA002414AE /* Cells */ = {
			isa = PBXGroup;
			children = (
				189C8EA21CA717C3002414AE /* ANCategoryCell.h */,
				189C8EA31CA717C3002414AE /* ANCategoryCell.m */,
			);
			name = Cells;
			sourceTree = "<group>";
		};
		18F1B9681C8F43C1001A3B25 = {
			isa = PBXGroup;
			children = (
				18F1B9731C8F43C1001A3B25 /* Nickname generator */,
				18F1B98D1C8F43C1001A3B25 /* Nickname generatorTests */,
				18F1B9981C8F43C1001A3B25 /* Nickname generatorUITests */,
				18F1B9721C8F43C1001A3B25 /* Products */,
			);
			sourceTree = "<group>";
		};
		18F1B9721C8F43C1001A3B25 /* Products */ = {
			isa = PBXGroup;
			children = (
				18F1B9711C8F43C1001A3B25 /* Nickname generator.app */,
				18F1B98A1C8F43C1001A3B25 /* Nickname generatorTests.xctest */,
				18F1B9951C8F43C1001A3B25 /* Nickname generatorUITests.xctest */,
			);
			name = Products;
			sourceTree = "<group>";
		};
		18F1B9731C8F43C1001A3B25 /* Nickname generator */ = {
			isa = PBXGroup;
			children = (
				1825463A1CA55977006293A6 /* Utils */,
				182546391CA5596C006293A6 /* Models */,
				182546411CA56483006293A6 /* Controllers */,
				18F1B9771C8F43C1001A3B25 /* AppDelegate.h */,
				18F1B9781C8F43C1001A3B25 /* AppDelegate.m */,
				18F1B97D1C8F43C1001A3B25 /* Main.storyboard */,
				18100DBA1CB249E800508F1D /* CoreData */,
				18100DA71CB23EAF00508F1D /* Assets */,
				18F1B9821C8F43C1001A3B25 /* LaunchScreen.storyboard */,
				18F1B9851C8F43C1001A3B25 /* Info.plist */,
				18F1B9741C8F43C1001A3B25 /* Supporting Files */,
			);
			path = "Nickname generator";
			sourceTree = "<group>";
		};
		18F1B9741C8F43C1001A3B25 /* Supporting Files */ = {
			isa = PBXGroup;
			children = (
				18F1B9751C8F43C1001A3B25 /* main.m */,
			);
			name = "Supporting Files";
			sourceTree = "<group>";
		};
		18F1B98D1C8F43C1001A3B25 /* Nickname generatorTests */ = {
			isa = PBXGroup;
			children = (
				18F1B98E1C8F43C1001A3B25 /* Nickname_generatorTests.m */,
				18F1B9901C8F43C1001A3B25 /* Info.plist */,
			);
			path = "Nickname generatorTests";
			sourceTree = "<group>";
		};
		18F1B9981C8F43C1001A3B25 /* Nickname generatorUITests */ = {
			isa = PBXGroup;
			children = (
				18F1B9991C8F43C1001A3B25 /* Nickname_generatorUITests.m */,
				18F1B99B1C8F43C1001A3B25 /* Info.plist */,
			);
			path = "Nickname generatorUITests";
			sourceTree = "<group>";
		};
		18FECE451CB258090003CED4 /* Abstract ViewControllers */ = {
			isa = PBXGroup;
			children = (
				18FECE421CB256700003CED4 /* ANCoreDataVC.h */,
				18FECE431CB256700003CED4 /* ANCoreDataVC.m */,
			);
			name = "Abstract ViewControllers";
			sourceTree = "<group>";
		};
/* End PBXGroup section */

/* Begin PBXNativeTarget section */
		18F1B9701C8F43C1001A3B25 /* Nickname generator */ = {
			isa = PBXNativeTarget;
			buildConfigurationList = 18F1B99E1C8F43C1001A3B25 /* Build configuration list for PBXNativeTarget "Nickname generator" */;
			buildPhases = (
				18F1B96D1C8F43C1001A3B25 /* Sources */,
				18F1B96E1C8F43C1001A3B25 /* Frameworks */,
				18F1B96F1C8F43C1001A3B25 /* Resources */,
			);
			buildRules = (
			);
			dependencies = (
			);
			name = "Nickname generator";
			productName = "Nickname generator";
			productReference = 18F1B9711C8F43C1001A3B25 /* Nickname generator.app */;
			productType = "com.apple.product-type.application";
		};
		18F1B9891C8F43C1001A3B25 /* Nickname generatorTests */ = {
			isa = PBXNativeTarget;
			buildConfigurationList = 18F1B9A11C8F43C1001A3B25 /* Build configuration list for PBXNativeTarget "Nickname generatorTests" */;
			buildPhases = (
				18F1B9861C8F43C1001A3B25 /* Sources */,
				18F1B9871C8F43C1001A3B25 /* Frameworks */,
				18F1B9881C8F43C1001A3B25 /* Resources */,
			);
			buildRules = (
			);
			dependencies = (
				18F1B98C1C8F43C1001A3B25 /* PBXTargetDependency */,
			);
			name = "Nickname generatorTests";
			productName = "Nickname generatorTests";
			productReference = 18F1B98A1C8F43C1001A3B25 /* Nickname generatorTests.xctest */;
			productType = "com.apple.product-type.bundle.unit-test";
		};
		18F1B9941C8F43C1001A3B25 /* Nickname generatorUITests */ = {
			isa = PBXNativeTarget;
			buildConfigurationList = 18F1B9A41C8F43C1001A3B25 /* Build configuration list for PBXNativeTarget "Nickname generatorUITests" */;
			buildPhases = (
				18F1B9911C8F43C1001A3B25 /* Sources */,
				18F1B9921C8F43C1001A3B25 /* Frameworks */,
				18F1B9931C8F43C1001A3B25 /* Resources */,
			);
			buildRules = (
			);
			dependencies = (
				18F1B9971C8F43C1001A3B25 /* PBXTargetDependency */,
			);
			name = "Nickname generatorUITests";
			productName = "Nickname generatorUITests";
			productReference = 18F1B9951C8F43C1001A3B25 /* Nickname generatorUITests.xctest */;
			productType = "com.apple.product-type.bundle.ui-testing";
		};
/* End PBXNativeTarget section */

/* Begin PBXProject section */
		18F1B9691C8F43C1001A3B25 /* Project object */ = {
			isa = PBXProject;
			attributes = {
				CLASSPREFIX = AN;
				LastUpgradeCheck = 0720;
				ORGANIZATIONNAME = "Anton Novoselov";
				TargetAttributes = {
					18F1B9701C8F43C1001A3B25 = {
						CreatedOnToolsVersion = 7.2.1;
						DevelopmentTeam = 358V8FBM3U;
					};
					18F1B9891C8F43C1001A3B25 = {
						CreatedOnToolsVersion = 7.2.1;
						DevelopmentTeam = 358V8FBM3U;
						TestTargetID = 18F1B9701C8F43C1001A3B25;
					};
					18F1B9941C8F43C1001A3B25 = {
						CreatedOnToolsVersion = 7.2.1;
						DevelopmentTeam = 358V8FBM3U;
						TestTargetID = 18F1B9701C8F43C1001A3B25;
					};
				};
			};
			buildConfigurationList = 18F1B96C1C8F43C1001A3B25 /* Build configuration list for PBXProject "Nickname generator" */;
			compatibilityVersion = "Xcode 3.2";
			developmentRegion = English;
			hasScannedForEncodings = 0;
			knownRegions = (
				en,
				Base,
			);
			mainGroup = 18F1B9681C8F43C1001A3B25;
			productRefGroup = 18F1B9721C8F43C1001A3B25 /* Products */;
			projectDirPath = "";
			projectRoot = "";
			targets = (
				18F1B9701C8F43C1001A3B25 /* Nickname generator */,
				18F1B9891C8F43C1001A3B25 /* Nickname generatorTests */,
				18F1B9941C8F43C1001A3B25 /* Nickname generatorUITests */,
			);
		};
/* End PBXProject section */

/* Begin PBXResourcesBuildPhase section */
		18F1B96F1C8F43C1001A3B25 /* Resources */ = {
			isa = PBXResourcesBuildPhase;
			buildActionMask = 2147483647;
			files = (
				18349C241CA9413300A2A68E /* MythGreekMasc.plist in Resources */,
				1810F9751CA816F500D7D00A /* MythGreekFem.plist in Resources */,
				18267E281CB132B800AB130B /* MythVedicFemImages.xcassets in Resources */,
				186D62211CBC25C60094E885 /* Backgrounds.xcassets in Resources */,
				180044921CB16AF70038206F /* MythRomanMasc.plist in Resources */,
				18267E2D1CB136C400AB130B /* MythVedicMascImages.xcassets in Resources */,
				18F1B9841C8F43C1001A3B25 /* LaunchScreen.storyboard in Resources */,
				180044961CB16CBA0038206F /* MythRomanMascImages.xcassets in Resources */,
				18FE1A711CAFCA0A004B5101 /* MythGreekFemImages.xcassets in Resources */,
				180044941CB16C920038206F /* MythRomanFem.plist in Resources */,
				18267E261CB1323A00AB130B /* MythVedicFem.plist in Resources */,
				18F1ADEB1CB8159C007D00C4 /* MythGreekMascImages.xcassets in Resources */,
				18F1B9811C8F43C1001A3B25 /* Assets.xcassets in Resources */,
				18267E2B1CB1367C00AB130B /* MythVedicMasc.plist in Resources */,
				180044981CB16CD60038206F /* MythRomanFemImages.xcassets in Resources */,
				18F1B97F1C8F43C1001A3B25 /* Main.storyboard in Resources */,
			);
			runOnlyForDeploymentPostprocessing = 0;
		};
		18F1B9881C8F43C1001A3B25 /* Resources */ = {
			isa = PBXResourcesBuildPhase;
			buildActionMask = 2147483647;
			files = (
			);
			runOnlyForDeploymentPostprocessing = 0;
		};
		18F1B9931C8F43C1001A3B25 /* Resources */ = {
			isa = PBXResourcesBuildPhase;
			buildActionMask = 2147483647;
			files = (
			);
			runOnlyForDeploymentPostprocessing = 0;
		};
/* End PBXResourcesBuildPhase section */

/* Begin PBXSourcesBuildPhase section */
		18F1B96D1C8F43C1001A3B25 /* Sources */ = {
			isa = PBXSourcesBuildPhase;
			buildActionMask = 2147483647;
			files = (
				1893C0241C94A92700D17DA5 /* ANUtils.m in Sources */,
				18100DAD1CB248C400508F1D /* Model.xcdatamodeld in Sources */,
				189C8EA41CA717C3002414AE /* ANCategoryCell.m in Sources */,
				18E22BDC1CA6BF44007EDD8F /* ANDescriptioinVC.m in Sources */,
				1825464A1CA57701006293A6 /* ANNamesFactory.m in Sources */,
				18FECE481CB259850003CED4 /* ANFavoriteNamesVC.m in Sources */,
				18F1B9791C8F43C1001A3B25 /* AppDelegate.m in Sources */,
				18F1B9761C8F43C1001A3B25 /* main.m in Sources */,
				1893C0211C94A6A100D17DA5 /* ANViewController.m in Sources */,
				18B35E0D1CB4408E00CDABF9 /* ANFavoriteName+CoreDataProperties.m in Sources */,
				18FECE411CB252520003CED4 /* ANDataManager.m in Sources */,
				18B35E0E1CB4408E00CDABF9 /* ANFavoriteName.m in Sources */,
				1810F9721CA7DD7A00D7D00A /* ANNameCategory.m in Sources */,
				18B35E111CB4475400CDABF9 /* ANWebViewVC.m in Sources */,
				182546401CA55A44006293A6 /* ANName.m in Sources */,
				182546471CA5659F006293A6 /* ANCategoryVC.m in Sources */,
				18FECE441CB256700003CED4 /* ANCoreDataVC.m in Sources */,
			);
			runOnlyForDeploymentPostprocessing = 0;
		};
		18F1B9861C8F43C1001A3B25 /* Sources */ = {
			isa = PBXSourcesBuildPhase;
			buildActionMask = 2147483647;
			files = (
				18F1B98F1C8F43C1001A3B25 /* Nickname_generatorTests.m in Sources */,
			);
			runOnlyForDeploymentPostprocessing = 0;
		};
		18F1B9911C8F43C1001A3B25 /* Sources */ = {
			isa = PBXSourcesBuildPhase;
			buildActionMask = 2147483647;
			files = (
				18F1B99A1C8F43C1001A3B25 /* Nickname_generatorUITests.m in Sources */,
			);
			runOnlyForDeploymentPostprocessing = 0;
		};
/* End PBXSourcesBuildPhase section */

/* Begin PBXTargetDependency section */
		18F1B98C1C8F43C1001A3B25 /* PBXTargetDependency */ = {
			isa = PBXTargetDependency;
			target = 18F1B9701C8F43C1001A3B25 /* Nickname generator */;
			targetProxy = 18F1B98B1C8F43C1001A3B25 /* PBXContainerItemProxy */;
		};
		18F1B9971C8F43C1001A3B25 /* PBXTargetDependency */ = {
			isa = PBXTargetDependency;
			target = 18F1B9701C8F43C1001A3B25 /* Nickname generator */;
			targetProxy = 18F1B9961C8F43C1001A3B25 /* PBXContainerItemProxy */;
		};
/* End PBXTargetDependency section */

/* Begin PBXVariantGroup section */
		18F1B97D1C8F43C1001A3B25 /* Main.storyboard */ = {
			isa = PBXVariantGroup;
			children = (
				18F1B97E1C8F43C1001A3B25 /* Base */,
			);
			name = Main.storyboard;
			sourceTree = "<group>";
		};
		18F1B9821C8F43C1001A3B25 /* LaunchScreen.storyboard */ = {
			isa = PBXVariantGroup;
			children = (
				18F1B9831C8F43C1001A3B25 /* Base */,
			);
			name = LaunchScreen.storyboard;
			sourceTree = "<group>";
		};
/* End PBXVariantGroup section */

/* Begin XCBuildConfiguration section */
		18F1B99C1C8F43C1001A3B25 /* Debug */ = {
			isa = XCBuildConfiguration;
			buildSettings = {
				ALWAYS_SEARCH_USER_PATHS = NO;
				CLANG_CXX_LANGUAGE_STANDARD = "gnu++0x";
				CLANG_CXX_LIBRARY = "libc++";
				CLANG_ENABLE_MODULES = YES;
				CLANG_ENABLE_OBJC_ARC = YES;
				CLANG_WARN_BOOL_CONVERSION = YES;
				CLANG_WARN_CONSTANT_CONVERSION = YES;
				CLANG_WARN_DIRECT_OBJC_ISA_USAGE = YES_ERROR;
				CLANG_WARN_EMPTY_BODY = YES;
				CLANG_WARN_ENUM_CONVERSION = YES;
				CLANG_WARN_INT_CONVERSION = YES;
				CLANG_WARN_OBJC_ROOT_CLASS = YES_ERROR;
				CLANG_WARN_UNREACHABLE_CODE = YES;
				CLANG_WARN__DUPLICATE_METHOD_MATCH = YES;
				"CODE_SIGN_IDENTITY[sdk=iphoneos*]" = "iPhone Developer";
				COPY_PHASE_STRIP = NO;
				DEBUG_INFORMATION_FORMAT = dwarf;
				ENABLE_STRICT_OBJC_MSGSEND = YES;
				ENABLE_TESTABILITY = YES;
				GCC_C_LANGUAGE_STANDARD = gnu99;
				GCC_DYNAMIC_NO_PIC = NO;
				GCC_NO_COMMON_BLOCKS = YES;
				GCC_OPTIMIZATION_LEVEL = 0;
				GCC_PREPROCESSOR_DEFINITIONS = (
					"DEBUG=1",
					"$(inherited)",
				);
				GCC_WARN_64_TO_32_BIT_CONVERSION = YES;
				GCC_WARN_ABOUT_RETURN_TYPE = YES_ERROR;
				GCC_WARN_UNDECLARED_SELECTOR = YES;
				GCC_WARN_UNINITIALIZED_AUTOS = YES_AGGRESSIVE;
				GCC_WARN_UNUSED_FUNCTION = YES;
				GCC_WARN_UNUSED_VARIABLE = YES;
				IPHONEOS_DEPLOYMENT_TARGET = 9.2;
				MTL_ENABLE_DEBUG_INFO = YES;
				ONLY_ACTIVE_ARCH = YES;
				SDKROOT = iphoneos;
				TARGETED_DEVICE_FAMILY = "1,2";
			};
			name = Debug;
		};
		18F1B99D1C8F43C1001A3B25 /* Release */ = {
			isa = XCBuildConfiguration;
			buildSettings = {
				ALWAYS_SEARCH_USER_PATHS = NO;
				CLANG_CXX_LANGUAGE_STANDARD = "gnu++0x";
				CLANG_CXX_LIBRARY = "libc++";
				CLANG_ENABLE_MODULES = YES;
				CLANG_ENABLE_OBJC_ARC = YES;
				CLANG_WARN_BOOL_CONVERSION = YES;
				CLANG_WARN_CONSTANT_CONVERSION = YES;
				CLANG_WARN_DIRECT_OBJC_ISA_USAGE = YES_ERROR;
				CLANG_WARN_EMPTY_BODY = YES;
				CLANG_WARN_ENUM_CONVERSION = YES;
				CLANG_WARN_INT_CONVERSION = YES;
				CLANG_WARN_OBJC_ROOT_CLASS = YES_ERROR;
				CLANG_WARN_UNREACHABLE_CODE = YES;
				CLANG_WARN__DUPLICATE_METHOD_MATCH = YES;
				"CODE_SIGN_IDENTITY[sdk=iphoneos*]" = "iPhone Developer";
				COPY_PHASE_STRIP = NO;
				DEBUG_INFORMATION_FORMAT = "dwarf-with-dsym";
				ENABLE_NS_ASSERTIONS = NO;
				ENABLE_STRICT_OBJC_MSGSEND = YES;
				GCC_C_LANGUAGE_STANDARD = gnu99;
				GCC_NO_COMMON_BLOCKS = YES;
				GCC_WARN_64_TO_32_BIT_CONVERSION = YES;
				GCC_WARN_ABOUT_RETURN_TYPE = YES_ERROR;
				GCC_WARN_UNDECLARED_SELECTOR = YES;
				GCC_WARN_UNINITIALIZED_AUTOS = YES_AGGRESSIVE;
				GCC_WARN_UNUSED_FUNCTION = YES;
				GCC_WARN_UNUSED_VARIABLE = YES;
				IPHONEOS_DEPLOYMENT_TARGET = 9.2;
				MTL_ENABLE_DEBUG_INFO = NO;
				SDKROOT = iphoneos;
				TARGETED_DEVICE_FAMILY = "1,2";
				VALIDATE_PRODUCT = YES;
			};
			name = Release;
		};
		18F1B99F1C8F43C1001A3B25 /* Debug */ = {
			isa = XCBuildConfiguration;
			buildSettings = {
				ASSETCATALOG_COMPILER_APPICON_NAME = AppIcon;
				INFOPLIST_FILE = "Nickname generator/Info.plist";
				LD_RUNPATH_SEARCH_PATHS = "$(inherited) @executable_path/Frameworks";
				PRODUCT_BUNDLE_IDENTIFIER = "com.antonnovoselov.Nickname-generator";
				PRODUCT_NAME = "$(TARGET_NAME)";
			};
			name = Debug;
		};
		18F1B9A01C8F43C1001A3B25 /* Release */ = {
			isa = XCBuildConfiguration;
			buildSettings = {
				ASSETCATALOG_COMPILER_APPICON_NAME = AppIcon;
				INFOPLIST_FILE = "Nickname generator/Info.plist";
				LD_RUNPATH_SEARCH_PATHS = "$(inherited) @executable_path/Frameworks";
				PRODUCT_BUNDLE_IDENTIFIER = "com.antonnovoselov.Nickname-generator";
				PRODUCT_NAME = "$(TARGET_NAME)";
			};
			name = Release;
		};
		18F1B9A21C8F43C1001A3B25 /* Debug */ = {
			isa = XCBuildConfiguration;
			buildSettings = {
				BUNDLE_LOADER = "$(TEST_HOST)";
				INFOPLIST_FILE = "Nickname generatorTests/Info.plist";
				LD_RUNPATH_SEARCH_PATHS = "$(inherited) @executable_path/Frameworks @loader_path/Frameworks";
				PRODUCT_BUNDLE_IDENTIFIER = "com.antonnovoselov.Nickname-generatorTests";
				PRODUCT_NAME = "$(TARGET_NAME)";
				TEST_HOST = "$(BUILT_PRODUCTS_DIR)/Nickname generator.app/Nickname generator";
			};
			name = Debug;
		};
		18F1B9A31C8F43C1001A3B25 /* Release */ = {
			isa = XCBuildConfiguration;
			buildSettings = {
				BUNDLE_LOADER = "$(TEST_HOST)";
				INFOPLIST_FILE = "Nickname generatorTests/Info.plist";
				LD_RUNPATH_SEARCH_PATHS = "$(inherited) @executable_path/Frameworks @loader_path/Frameworks";
				PRODUCT_BUNDLE_IDENTIFIER = "com.antonnovoselov.Nickname-generatorTests";
				PRODUCT_NAME = "$(TARGET_NAME)";
				TEST_HOST = "$(BUILT_PRODUCTS_DIR)/Nickname generator.app/Nickname generator";
			};
			name = Release;
		};
		18F1B9A51C8F43C1001A3B25 /* Debug */ = {
			isa = XCBuildConfiguration;
			buildSettings = {
				INFOPLIST_FILE = "Nickname generatorUITests/Info.plist";
				LD_RUNPATH_SEARCH_PATHS = "$(inherited) @executable_path/Frameworks @loader_path/Frameworks";
				PRODUCT_BUNDLE_IDENTIFIER = "com.antonnovoselov.Nickname-generatorUITests";
				PRODUCT_NAME = "$(TARGET_NAME)";
				TEST_TARGET_NAME = "Nickname generator";
				USES_XCTRUNNER = YES;
			};
			name = Debug;
		};
		18F1B9A61C8F43C1001A3B25 /* Release */ = {
			isa = XCBuildConfiguration;
			buildSettings = {
				INFOPLIST_FILE = "Nickname generatorUITests/Info.plist";
				LD_RUNPATH_SEARCH_PATHS = "$(inherited) @executable_path/Frameworks @loader_path/Frameworks";
				PRODUCT_BUNDLE_IDENTIFIER = "com.antonnovoselov.Nickname-generatorUITests";
				PRODUCT_NAME = "$(TARGET_NAME)";
				TEST_TARGET_NAME = "Nickname generator";
				USES_XCTRUNNER = YES;
			};
			name = Release;
		};
/* End XCBuildConfiguration section */

/* Begin XCConfigurationList section */
		18F1B96C1C8F43C1001A3B25 /* Build configuration list for PBXProject "Nickname generator" */ = {
			isa = XCConfigurationList;
			buildConfigurations = (
				18F1B99C1C8F43C1001A3B25 /* Debug */,
				18F1B99D1C8F43C1001A3B25 /* Release */,
			);
			defaultConfigurationIsVisible = 0;
			defaultConfigurationName = Release;
		};
		18F1B99E1C8F43C1001A3B25 /* Build configuration list for PBXNativeTarget "Nickname generator" */ = {
			isa = XCConfigurationList;
			buildConfigurations = (
				18F1B99F1C8F43C1001A3B25 /* Debug */,
				18F1B9A01C8F43C1001A3B25 /* Release */,
			);
			defaultConfigurationIsVisible = 0;
			defaultConfigurationName = Release;
		};
		18F1B9A11C8F43C1001A3B25 /* Build configuration list for PBXNativeTarget "Nickname generatorTests" */ = {
			isa = XCConfigurationList;
			buildConfigurations = (
				18F1B9A21C8F43C1001A3B25 /* Debug */,
				18F1B9A31C8F43C1001A3B25 /* Release */,
			);
			defaultConfigurationIsVisible = 0;
			defaultConfigurationName = Release;
		};
		18F1B9A41C8F43C1001A3B25 /* Build configuration list for PBXNativeTarget "Nickname generatorUITests" */ = {
			isa = XCConfigurationList;
			buildConfigurations = (
				18F1B9A51C8F43C1001A3B25 /* Debug */,
				18F1B9A61C8F43C1001A3B25 /* Release */,
			);
			defaultConfigurationIsVisible = 0;
			defaultConfigurationName = Release;
		};
/* End XCConfigurationList section */

/* Begin XCVersionGroup section */
		18100DAB1CB248C400508F1D /* Model.xcdatamodeld */ = {
			isa = XCVersionGroup;
			children = (
				18100DAC1CB248C400508F1D /* Model.xcdatamodel */,
			);
			currentVersion = 18100DAC1CB248C400508F1D /* Model.xcdatamodel */;
			path = Model.xcdatamodeld;
			sourceTree = "<group>";
			versionGroupType = wrapper.xcdatamodel;
		};
/* End XCVersionGroup section */
	};
	rootObject = 18F1B9691C8F43C1001A3B25 /* Project object */;
}
